
Microsoft Visual Studio Solution File, Format Version 12.00
# Visual Studio Version 17
VisualStudioVersion = 17.4.33205.214
MinimumVisualStudioVersion = 10.0.40219.1
Project("{9A19103F-16F7-4668-BE54-9A1E7A4F7556}") = "MinCoverage", "MinCoverage\MinCoverage.csproj", "{169A2493-862E-48C7-ABF2-DC5B25AEB077}"
EndProject
Project("{FAE04EC0-301F-11D3-BF4B-00C04F79EFBC}") = "TestProject1", "TestProject1\TestProject1.csproj", "{61E3AD87-973E-4AB8-A82C-83AF02B70851}"
EndProject
Global
	GlobalSection(SolutionConfigurationPlatforms) = preSolution
		Debug|Any CPU = Debug|Any CPU
		Release|Any CPU = Release|Any CPU
	EndGlobalSection
	GlobalSection(ProjectConfigurationPlatforms) = postSolution
		{169A2493-862E-48C7-ABF2-DC5B25AEB077}.Debug|Any CPU.ActiveCfg = Debug|Any CPU
		{169A2493-862E-48C7-ABF2-DC5B25AEB077}.Debug|Any CPU.Build.0 = Debug|Any CPU
		{169A2493-862E-48C7-ABF2-DC5B25AEB077}.Release|Any CPU.ActiveCfg = Release|Any CPU
		{169A2493-862E-48C7-ABF2-DC5B25AEB077}.Release|Any CPU.Build.0 = Release|Any CPU
		{61E3AD87-973E-4AB8-A82C-83AF02B70851}.Debug|Any CPU.ActiveCfg = Debug|Any CPU
		{61E3AD87-973E-4AB8-A82C-83AF02B70851}.Debug|Any CPU.Build.0 = Debug|Any CPU
		{61E3AD87-973E-4AB8-A82C-83AF02B70851}.Release|Any CPU.ActiveCfg = Release|Any CPU
		{61E3AD87-973E-4AB8-A82C-83AF02B70851}.Release|Any CPU.Build.0 = Release|Any CPU
	EndGlobalSection
	GlobalSection(SolutionProperties) = preSolution
		HideSolutionNode = FALSE
	EndGlobalSection
	GlobalSection(ExtensibilityGlobals) = postSolution
		SolutionGuid = {6369E983-BE53-4EDE-9008-37BC5677E55A}
	EndGlobalSection
EndGlobal
